
Microsoft Visual Studio Solution File, Format Version 12.00
# Visual Studio 15
VisualStudioVersion = 15.0.28307.421
MinimumVisualStudioVersion = 10.0.40219.1
Project("{FAE04EC0-301F-11D3-BF4B-00C04F79EFBC}") = "PaginationAndFilterSample.Client", "PaginationAndFilterSample.Client\PaginationAndFilterSample.Client.csproj", "{0746268F-BE69-4F93-A2C3-7099761E7A41}"
EndProject
Project("{FAE04EC0-301F-11D3-BF4B-00C04F79EFBC}") = "PaginationAndFilterSample.Persistence", "PaginationAndFilterSample.Persistence\PaginationAndFilterSample.Persistence.csproj", "{13685999-D869-4550-8807-B2BF0D300188}"
EndProject
Project("{FAE04EC0-301F-11D3-BF4B-00C04F79EFBC}") = "PaginationAndFilterSample.Domain", "PaginationAndFilterSample.Domain\PaginationAndFilterSample.Domain.csproj", "{22DE8E47-3005-4A06-A812-6E82528284EF}"
EndProject
Global
	GlobalSection(SolutionConfigurationPlatforms) = preSolution
		Debug|Any CPU = Debug|Any CPU
		Release|Any CPU = Release|Any CPU
	EndGlobalSection
	GlobalSection(ProjectConfigurationPlatforms) = postSolution
		{0746268F-BE69-4F93-A2C3-7099761E7A41}.Debug|Any CPU.ActiveCfg = Debug|Any CPU
		{0746268F-BE69-4F93-A2C3-7099761E7A41}.Debug|Any CPU.Build.0 = Debug|Any CPU
		{0746268F-BE69-4F93-A2C3-7099761E7A41}.Release|Any CPU.ActiveCfg = Release|Any CPU
		{0746268F-BE69-4F93-A2C3-7099761E7A41}.Release|Any CPU.Build.0 = Release|Any CPU
		{13685999-D869-4550-8807-B2BF0D300188}.Debug|Any CPU.ActiveCfg = Debug|Any CPU
		{13685999-D869-4550-8807-B2BF0D300188}.Debug|Any CPU.Build.0 = Debug|Any CPU
		{13685999-D869-4550-8807-B2BF0D300188}.Release|Any CPU.ActiveCfg = Release|Any CPU
		{13685999-D869-4550-8807-B2BF0D300188}.Release|Any CPU.Build.0 = Release|Any CPU
		{22DE8E47-3005-4A06-A812-6E82528284EF}.Debug|Any CPU.ActiveCfg = Debug|Any CPU
		{22DE8E47-3005-4A06-A812-6E82528284EF}.Debug|Any CPU.Build.0 = Debug|Any CPU
		{22DE8E47-3005-4A06-A812-6E82528284EF}.Release|Any CPU.ActiveCfg = Release|Any CPU
		{22DE8E47-3005-4A06-A812-6E82528284EF}.Release|Any CPU.Build.0 = Release|Any CPU
	EndGlobalSection
	GlobalSection(SolutionProperties) = preSolution
		HideSolutionNode = FALSE
	EndGlobalSection
	GlobalSection(ExtensibilityGlobals) = postSolution
		SolutionGuid = {711E04D5-04C8-4446-8D2F-B64C630D8E56}
	EndGlobalSection
EndGlobal
